
Microsoft Visual Studio Solution File, Format Version 12.00
# Visual Studio 15
VisualStudioVersion = 15.0.28010.2046
MinimumVisualStudioVersion = 10.0.40219.1
Project("{FAE04EC0-301F-11D3-BF4B-00C04F79EFBC}") = "Svalbard", "Svalbard\Svalbard.csproj", "{D903935D-96E7-4D58-9C70-5FCD084DCC16}"
EndProject
Global
	GlobalSection(SolutionConfigurationPlatforms) = preSolution
		Debug|Any CPU = Debug|Any CPU
		Release|Any CPU = Release|Any CPU
	EndGlobalSection
	GlobalSection(ProjectConfigurationPlatforms) = postSolution
		{D903935D-96E7-4D58-9C70-5FCD084DCC16}.Debug|Any CPU.ActiveCfg = Debug|Any CPU
		{D903935D-96E7-4D58-9C70-5FCD084DCC16}.Debug|Any CPU.Build.0 = Debug|Any CPU
		{D903935D-96E7-4D58-9C70-5FCD084DCC16}.Release|Any CPU.ActiveCfg = Release|Any CPU
		{D903935D-96E7-4D58-9C70-5FCD084DCC16}.Release|Any CPU.Build.0 = Release|Any CPU
	EndGlobalSection
	GlobalSection(SolutionProperties) = preSolution
		HideSolutionNode = FALSE
	EndGlobalSection
	GlobalSection(ExtensibilityGlobals) = postSolution
		SolutionGuid = {92F34EDC-38C5-414B-98E5-0D0825499A00}
	EndGlobalSection
EndGlobal
